
Microsoft Visual Studio Solution File, Format Version 12.00
# Visual Studio 2013
VisualStudioVersion = 12.0.20617.1 PREVIEW
MinimumVisualStudioVersion = 10.0.40219.1
Project("{FAE04EC0-301F-11D3-BF4B-00C04F79EFBC}") = "CoolTowel.Web", "CoolTowel.Web\CoolTowel.Web.csproj", "{200F1FC9-844E-4CCD-983C-91F6211A2BB7}"
EndProject
Project("{FAE04EC0-301F-11D3-BF4B-00C04F79EFBC}") = "CoolTowel.API", "CoolTowel.API\CoolTowel.API.csproj", "{7EA9D703-B408-47C2-A452-559B1261AC3B}"
EndProject
Project("{FAE04EC0-301F-11D3-BF4B-00C04F79EFBC}") = "CoolTowel.Data", "CoolTowel.Data\CoolTowel.Data.csproj", "{053C06AF-B952-449B-BEF0-2B9A50900A9B}"
EndProject
Project("{FAE04EC0-301F-11D3-BF4B-00C04F79EFBC}") = "CoolTowel.Model", "CoolTowel.Model\CoolTowel.Model.csproj", "{EA8E66C2-3483-4658-B9D0-B8FC2E8AF8C2}"
EndProject
Project("{FAE04EC0-301F-11D3-BF4B-00C04F79EFBC}") = "CoolTowel.Test", "CoolTowel.Test\CoolTowel.Test.csproj", "{684BD506-0B00-45E8-B43A-4088F29EFC47}"
EndProject
Project("{FAE04EC0-301F-11D3-BF4B-00C04F79EFBC}") = "CoolTowel.Logic", "CoolTowel.Logic\CoolTowel.Logic.csproj", "{37ACA8C6-A6C2-4A0D-BC8F-5549D92A21D3}"
EndProject
Project("{2150E333-8FDC-42A3-9474-1A3956D46DE8}") = "Solution Items", "Solution Items", "{C6D47068-3AA3-4C09-888D-F69A42AEFC1C}"
	ProjectSection(SolutionItems) = preProject
		CodeCoverage.runsettings = CodeCoverage.runsettings
	EndProjectSection
EndProject
Global
	GlobalSection(SolutionConfigurationPlatforms) = preSolution
		Debug|Any CPU = Debug|Any CPU
		Release|Any CPU = Release|Any CPU
	EndGlobalSection
	GlobalSection(ProjectConfigurationPlatforms) = postSolution
		{200F1FC9-844E-4CCD-983C-91F6211A2BB7}.Debug|Any CPU.ActiveCfg = Debug|Any CPU
		{200F1FC9-844E-4CCD-983C-91F6211A2BB7}.Debug|Any CPU.Build.0 = Debug|Any CPU
		{200F1FC9-844E-4CCD-983C-91F6211A2BB7}.Release|Any CPU.ActiveCfg = Release|Any CPU
		{200F1FC9-844E-4CCD-983C-91F6211A2BB7}.Release|Any CPU.Build.0 = Release|Any CPU
		{7EA9D703-B408-47C2-A452-559B1261AC3B}.Debug|Any CPU.ActiveCfg = Debug|Any CPU
		{7EA9D703-B408-47C2-A452-559B1261AC3B}.Debug|Any CPU.Build.0 = Debug|Any CPU
		{7EA9D703-B408-47C2-A452-559B1261AC3B}.Release|Any CPU.ActiveCfg = Release|Any CPU
		{7EA9D703-B408-47C2-A452-559B1261AC3B}.Release|Any CPU.Build.0 = Release|Any CPU
		{053C06AF-B952-449B-BEF0-2B9A50900A9B}.Debug|Any CPU.ActiveCfg = Debug|Any CPU
		{053C06AF-B952-449B-BEF0-2B9A50900A9B}.Debug|Any CPU.Build.0 = Debug|Any CPU
		{053C06AF-B952-449B-BEF0-2B9A50900A9B}.Release|Any CPU.ActiveCfg = Release|Any CPU
		{053C06AF-B952-449B-BEF0-2B9A50900A9B}.Release|Any CPU.Build.0 = Release|Any CPU
		{EA8E66C2-3483-4658-B9D0-B8FC2E8AF8C2}.Debug|Any CPU.ActiveCfg = Debug|Any CPU
		{EA8E66C2-3483-4658-B9D0-B8FC2E8AF8C2}.Debug|Any CPU.Build.0 = Debug|Any CPU
		{EA8E66C2-3483-4658-B9D0-B8FC2E8AF8C2}.Release|Any CPU.ActiveCfg = Release|Any CPU
		{EA8E66C2-3483-4658-B9D0-B8FC2E8AF8C2}.Release|Any CPU.Build.0 = Release|Any CPU
		{684BD506-0B00-45E8-B43A-4088F29EFC47}.Debug|Any CPU.ActiveCfg = Debug|Any CPU
		{684BD506-0B00-45E8-B43A-4088F29EFC47}.Debug|Any CPU.Build.0 = Debug|Any CPU
		{684BD506-0B00-45E8-B43A-4088F29EFC47}.Release|Any CPU.ActiveCfg = Release|Any CPU
		{684BD506-0B00-45E8-B43A-4088F29EFC47}.Release|Any CPU.Build.0 = Release|Any CPU
		{37ACA8C6-A6C2-4A0D-BC8F-5549D92A21D3}.Debug|Any CPU.ActiveCfg = Debug|Any CPU
		{37ACA8C6-A6C2-4A0D-BC8F-5549D92A21D3}.Debug|Any CPU.Build.0 = Debug|Any CPU
		{37ACA8C6-A6C2-4A0D-BC8F-5549D92A21D3}.Release|Any CPU.ActiveCfg = Release|Any CPU
		{37ACA8C6-A6C2-4A0D-BC8F-5549D92A21D3}.Release|Any CPU.Build.0 = Release|Any CPU
	EndGlobalSection
	GlobalSection(SolutionProperties) = preSolution
		HideSolutionNode = FALSE
	EndGlobalSection
EndGlobal
